{
  "object": {
    "pins": [
      {
        "package": "AlpineLang",
        "repositoryURL": "https://github.com/kyouko-taiga/AlpineLang.git",
        "state": {
          "branch": "master",
          "revision": "bf1144236ad4375d4fe2fc5d40d379ca7f06b264",
          "version": null
        }
      },
      {
        "package": "ArgParse",
        "repositoryURL": "https://github.com/kyouko-taiga/ArgParse.git",
        "state": {
          "branch": null,
          "revision": "aae7bfff83e86382306d9a89dd6a338fe4b24ec5",
          "version": "1.1.0"
        }
      }
    ]
  },
  "version": 1
}
